gopkg.in/yaml.v3 v3.0.1 h1:fxVm/GzAzEWqLHuvctI91KS9hhNmmWOoWu0XTYJS7CA=
gopkg.in/yaml.v3 v3.0.1/go.mod h1:K4uyk7z7BCEPqu6E+C64Yfv1cQ7kz7rIZviUmN+EgEM=
modernc.org/sqlite v1.28.0 h1:ppXJpz6XHLd2jFQYwkeEkX56ley0Gk2VY7qU8ihS1zM=
modernc.org/sqlite v1.28.0/go.mod h1:Dz0mTkXCYHe1TAxV2A0r3h7H/mj01Ob4pYw12b2WXsk=
